// !$*UTF8*$!
{
	archiveVersion = 1;
	classes = {
	};
	objectVersion = 50;
	objects = {

/* Begin PBXBuildFile section */
		89A6F5BF2571D9DA00C5ECDE /* AppDelegate.swift in Sources */ = {isa = PBXBuildFile; fileRef = 89A6F5BE2571D9DA00C5ECDE /* AppDelegate.swift */; };
		89A6F5C12571D9DA00C5ECDE /* SceneDelegate.swift in Sources */ = {isa = PBXBuildFile; fileRef = 89A6F5C02571D9DA00C5ECDE /* SceneDelegate.swift */; };
		89A6F5C32571D9DA00C5ECDE /* LoginViewController.swift in Sources */ = {isa = PBXBuildFile; fileRef = 89A6F5C22571D9DA00C5ECDE /* LoginViewController.swift */; };
		89A6F5C62571D9DA00C5ECDE /* Main.storyboard in Resources */ = {isa = PBXBuildFile; fileRef = 89A6F5C42571D9DA00C5ECDE /* Main.storyboard */; };
		89A6F5C82571D9DD00C5ECDE /* Assets.xcassets in Resources */ = {isa = PBXBuildFile; fileRef = 89A6F5C72571D9DD00C5ECDE /* Assets.xcassets */; };
		89A6F5CB2571D9DD00C5ECDE /* LaunchScreen.storyboard in Resources */ = {isa = PBXBuildFile; fileRef = 89A6F5C92571D9DD00C5ECDE /* LaunchScreen.storyboard */; };
		89A6F5D52571EB1C00C5ECDE /* CreateAccountViewController.swift in Sources */ = {isa = PBXBuildFile; fileRef = 89A6F5D42571EB1C00C5ECDE /* CreateAccountViewController.swift */; };
		89A6F5D82571EB4700C5ECDE /* PreviousSongsViewController.swift in Sources */ = {isa = PBXBuildFile; fileRef = 89A6F5D72571EB4700C5ECDE /* PreviousSongsViewController.swift */; };
		89A6F5DB2571EB6300C5ECDE /* NewSongViewController.swift in Sources */ = {isa = PBXBuildFile; fileRef = 89A6F5DA2571EB6300C5ECDE /* NewSongViewController.swift */; };
/* End PBXBuildFile section */

/* Begin PBXFileReference section */
		89A6F5BB2571D9DA00C5ECDE /* Listenr.app */ = {isa = PBXFileReference; explicitFileType = wrapper.application; includeInIndex = 0; path = Listenr.app; sourceTree = BUILT_PRODUCTS_DIR; };
		89A6F5BE2571D9DA00C5ECDE /* AppDelegate.swift */ = {isa = PBXFileReference; lastKnownFileType = sourcecode.swift; path = AppDelegate.swift; sourceTree = "<group>"; };
		89A6F5C02571D9DA00C5ECDE /* SceneDelegate.swift */ = {isa = PBXFileReference; lastKnownFileType = sourcecode.swift; path = SceneDelegate.swift; sourceTree = "<group>"; };
		89A6F5C22571D9DA00C5ECDE /* LoginViewController.swift */ = {isa = PBXFileReference; lastKnownFileType = sourcecode.swift; path = LoginViewController.swift; sourceTree = "<group>"; };
		89A6F5C52571D9DA00C5ECDE /* Base */ = {isa = PBXFileReference; lastKnownFileType = file.storyboard; name = Base; path = Base.lproj/Main.storyboard; sourceTree = "<group>"; };
		89A6F5C72571D9DD00C5ECDE /* Assets.xcassets */ = {isa = PBXFileReference; lastKnownFileType = folder.assetcatalog; path = Assets.xcassets; sourceTree = "<group>"; };
		89A6F5CA2571D9DD00C5ECDE /* Base */ = {isa = PBXFileReference; lastKnownFileType = file.storyboard; name = Base; path = Base.lproj/LaunchScreen.storyboard; sourceTree = "<group>"; };
		89A6F5CC2571D9DD00C5ECDE /* Info.plist */ = {isa = PBXFileReference; lastKnownFileType = text.plist.xml; path = Info.plist; sourceTree = "<group>"; };
		89A6F5D42571EB1C00C5ECDE /* CreateAccountViewController.swift */ = {isa = PBXFileReference; lastKnownFileType = sourcecode.swift; path = CreateAccountViewController.swift; sourceTree = "<group>"; };
		89A6F5D72571EB4700C5ECDE /* PreviousSongsViewController.swift */ = {isa = PBXFileReference; lastKnownFileType = sourcecode.swift; path = PreviousSongsViewController.swift; sourceTree = "<group>"; };
		89A6F5DA2571EB6300C5ECDE /* NewSongViewController.swift */ = {isa = PBXFileReference; lastKnownFileType = sourcecode.swift; path = NewSongViewController.swift; sourceTree = "<group>"; };
/* End PBXFileReference section */

/* Begin PBXFrameworksBuildPhase section */
		89A6F5B82571D9DA00C5ECDE /* Frameworks */ = {
			isa = PBXFrameworksBuildPhase;
			buildActionMask = 2147483647;
			files = (
			);
			runOnlyForDeploymentPostprocessing = 0;
		};
/* End PBXFrameworksBuildPhase section */

/* Begin PBXGroup section */
		89A6F5B22571D9DA00C5ECDE = {
			isa = PBXGroup;
			children = (
				89A6F5BD2571D9DA00C5ECDE /* Listenr */,
				89A6F5BC2571D9DA00C5ECDE /* Products */,
			);
			sourceTree = "<group>";
		};
		89A6F5BC2571D9DA00C5ECDE /* Products */ = {
			isa = PBXGroup;
			children = (
				89A6F5BB2571D9DA00C5ECDE /* Listenr.app */,
			);
			name = Products;
			sourceTree = "<group>";
		};
		89A6F5BD2571D9DA00C5ECDE /* Listenr */ = {
			isa = PBXGroup;
			children = (
				89A6F5BE2571D9DA00C5ECDE /* AppDelegate.swift */,
				89A6F5C02571D9DA00C5ECDE /* SceneDelegate.swift */,
				89A6F5C22571D9DA00C5ECDE /* LoginViewController.swift */,
				89A6F5C42571D9DA00C5ECDE /* Main.storyboard */,
				89A6F5C72571D9DD00C5ECDE /* Assets.xcassets */,
				89A6F5C92571D9DD00C5ECDE /* LaunchScreen.storyboard */,
				89A6F5CC2571D9DD00C5ECDE /* Info.plist */,
				89A6F5D42571EB1C00C5ECDE /* CreateAccountViewController.swift */,
				89A6F5D72571EB4700C5ECDE /* PreviousSongsViewController.swift */,
				89A6F5DA2571EB6300C5ECDE /* NewSongViewController.swift */,
			);
			path = Listenr;
			sourceTree = "<group>";
		};
/* End PBXGroup section */

/* Begin PBXNativeTarget section */
		89A6F5BA2571D9DA00C5ECDE /* Listenr */ = {
			isa = PBXNativeTarget;
			buildConfigurationList = 89A6F5CF2571D9DD00C5ECDE /* Build configuration list for PBXNativeTarget "Listenr" */;
			buildPhases = (
				89A6F5B72571D9DA00C5ECDE /* Sources */,
				89A6F5B82571D9DA00C5ECDE /* Frameworks */,
				89A6F5B92571D9DA00C5ECDE /* Resources */,
			);
			buildRules = (
			);
			dependencies = (
			);
			name = Listenr;
			productName = Listenr;
			productReference = 89A6F5BB2571D9DA00C5ECDE /* Listenr.app */;
			productType = "com.apple.product-type.application";
		};
/* End PBXNativeTarget section */

/* Begin PBXProject section */
		89A6F5B32571D9DA00C5ECDE /* Project object */ = {
			isa = PBXProject;
			attributes = {
				LastSwiftUpdateCheck = 1210;
				LastUpgradeCheck = 1210;
				TargetAttributes = {
					89A6F5BA2571D9DA00C5ECDE = {
						CreatedOnToolsVersion = 12.1;
					};
				};
			};
			buildConfigurationList = 89A6F5B62571D9DA00C5ECDE /* Build configuration list for PBXProject "Listenr" */;
			compatibilityVersion = "Xcode 9.3";
			developmentRegion = en;
			hasScannedForEncodings = 0;
			knownRegions = (
				en,
				Base,
			);
			mainGroup = 89A6F5B22571D9DA00C5ECDE;
			productRefGroup = 89A6F5BC2571D9DA00C5ECDE /* Products */;
			projectDirPath = "";
			projectRoot = "";
			targets = (
				89A6F5BA2571D9DA00C5ECDE /* Listenr */,
			);
		};
/* End PBXProject section */

/* Begin PBXResourcesBuildPhase section */
		89A6F5B92571D9DA00C5ECDE /* Resources */ = {
			isa = PBXResourcesBuildPhase;
			buildActionMask = 2147483647;
			files = (
				89A6F5CB2571D9DD00C5ECDE /* LaunchScreen.storyboard in Resources */,
				89A6F5C82571D9DD00C5ECDE /* Assets.xcassets in Resources */,
				89A6F5C62571D9DA00C5ECDE /* Main.storyboard in Resources */,
			);
			runOnlyForDeploymentPostprocessing = 0;
		};
/* End PBXResourcesBuildPhase section */

/* Begin PBXSourcesBuildPhase section */
		89A6F5B72571D9DA00C5ECDE /* Sources */ = {
			isa = PBXSourcesBuildPhase;
			buildActionMask = 2147483647;
			files = (
				89A6F5D52571EB1C00C5ECDE /* CreateAccountViewController.swift in Sources */,
				89A6F5C32571D9DA00C5ECDE /* LoginViewController.swift in Sources */,
				89A6F5BF2571D9DA00C5ECDE /* AppDelegate.swift in Sources */,
				89A6F5C12571D9DA00C5ECDE /* SceneDelegate.swift in Sources */,
				89A6F5DB2571EB6300C5ECDE /* NewSongViewController.swift in Sources */,
				89A6F5D82571EB4700C5ECDE /* PreviousSongsViewController.swift in Sources */,
			);
			runOnlyForDeploymentPostprocessing = 0;
		};
/* End PBXSourcesBuildPhase section */

/* Begin PBXVariantGroup section */
		89A6F5C42571D9DA00C5ECDE /* Main.storyboard */ = {
			isa = PBXVariantGroup;
			children = (
				89A6F5C52571D9DA00C5ECDE /* Base */,
			);
			name = Main.storyboard;
			sourceTree = "<group>";
		};
		89A6F5C92571D9DD00C5ECDE /* LaunchScreen.storyboard */ = {
			isa = PBXVariantGroup;
			children = (
				89A6F5CA2571D9DD00C5ECDE /* Base */,
			);
			name = LaunchScreen.storyboard;
			sourceTree = "<group>";
		};
/* End PBXVariantGroup section */

/* Begin XCBuildConfiguration section */
		89A6F5CD2571D9DD00C5ECDE /* Debug */ = {
			isa = XCBuildConfiguration;
			buildSettings = {
				ALWAYS_SEARCH_USER_PATHS = NO;
				CLANG_ANALYZER_NONNULL = YES;
				CLANG_ANALYZER_NUMBER_OBJECT_CONVERSION = YES_AGGRESSIVE;
				CLANG_CXX_LANGUAGE_STANDARD = "gnu++14";
				CLANG_CXX_LIBRARY = "libc++";
				CLANG_ENABLE_MODULES = YES;
				CLANG_ENABLE_OBJC_ARC = YES;
				CLANG_ENABLE_OBJC_WEAK = YES;
				CLANG_WARN_BLOCK_CAPTURE_AUTORELEASING = YES;
				CLANG_WARN_BOOL_CONVERSION = YES;
				CLANG_WARN_COMMA = YES;
				CLANG_WARN_CONSTANT_CONVERSION = YES;
				CLANG_WARN_DEPRECATED_OBJC_IMPLEMENTATIONS = YES;
				CLANG_WARN_DIRECT_OBJC_ISA_USAGE = YES_ERROR;
				CLANG_WARN_DOCUMENTATION_COMMENTS = YES;
				CLANG_WARN_EMPTY_BODY = YES;
				CLANG_WARN_ENUM_CONVERSION = YES;
				CLANG_WARN_INFINITE_RECURSION = YES;
				CLANG_WARN_INT_CONVERSION = YES;
				CLANG_WARN_NON_LITERAL_NULL_CONVERSION = YES;
				CLANG_WARN_OBJC_IMPLICIT_RETAIN_SELF = YES;
				CLANG_WARN_OBJC_LITERAL_CONVERSION = YES;
				CLANG_WARN_OBJC_ROOT_CLASS = YES_ERROR;
				CLANG_WARN_QUOTED_INCLUDE_IN_FRAMEWORK_HEADER = YES;
				CLANG_WARN_RANGE_LOOP_ANALYSIS = YES;
				CLANG_WARN_STRICT_PROTOTYPES = YES;
				CLANG_WARN_SUSPICIOUS_MOVE = YES;
				CLANG_WARN_UNGUARDED_AVAILABILITY = YES_AGGRESSIVE;
				CLANG_WARN_UNREACHABLE_CODE = YES;
				CLANG_WARN__DUPLICATE_METHOD_MATCH = YES;
				COPY_PHASE_STRIP = NO;
				DEBUG_INFORMATION_FORMAT = dwarf;
				ENABLE_STRICT_OBJC_MSGSEND = YES;
				ENABLE_TESTABILITY = YES;
				GCC_C_LANGUAGE_STANDARD = gnu11;
				GCC_DYNAMIC_NO_PIC = NO;
				GCC_NO_COMMON_BLOCKS = YES;
				GCC_OPTIMIZATION_LEVEL = 0;
				GCC_PREPROCESSOR_DEFINITIONS = (
					"DEBUG=1",
					"$(inherited)",
				);
				GCC_WARN_64_TO_32_BIT_CONVERSION = YES;
				GCC_WARN_ABOUT_RETURN_TYPE = YES_ERROR;
				GCC_WARN_UNDECLARED_SELECTOR = YES;
				GCC_WARN_UNINITIALIZED_AUTOS = YES_AGGRESSIVE;
				GCC_WARN_UNUSED_FUNCTION = YES;
				GCC_WARN_UNUSED_VARIABLE = YES;
				IPHONEOS_DEPLOYMENT_TARGET = 14.1;
				MTL_ENABLE_DEBUG_INFO = INCLUDE_SOURCE;
				MTL_FAST_MATH = YES;
				ONLY_ACTIVE_ARCH = YES;
				SDKROOT = iphoneos;
				SWIFT_ACTIVE_COMPILATION_CONDITIONS = DEBUG;
				SWIFT_OPTIMIZATION_LEVEL = "-Onone";
			};
			name = Debug;
		};
		89A6F5CE2571D9DD00C5ECDE /* Release */ = {
			isa = XCBuildConfiguration;
			buildSettings = {
				ALWAYS_SEARCH_USER_PATHS = NO;
				CLANG_ANALYZER_NONNULL = YES;
				CLANG_ANALYZER_NUMBER_OBJECT_CONVERSION = YES_AGGRESSIVE;
				CLANG_CXX_LANGUAGE_STANDARD = "gnu++14";
				CLANG_CXX_LIBRARY = "libc++";
				CLANG_ENABLE_MODULES = YES;
				CLANG_ENABLE_OBJC_ARC = YES;
				CLANG_ENABLE_OBJC_WEAK = YES;
				CLANG_WARN_BLOCK_CAPTURE_AUTORELEASING = YES;
				CLANG_WARN_BOOL_CONVERSION = YES;
				CLANG_WARN_COMMA = YES;
				CLANG_WARN_CONSTANT_CONVERSION = YES;
				CLANG_WARN_DEPRECATED_OBJC_IMPLEMENTATIONS = YES;
				CLANG_WARN_DIRECT_OBJC_ISA_USAGE = YES_ERROR;
				CLANG_WARN_DOCUMENTATION_COMMENTS = YES;
				CLANG_WARN_EMPTY_BODY = YES;
				CLANG_WARN_ENUM_CONVERSION = YES;
				CLANG_WARN_INFINITE_RECURSION = YES;
				CLANG_WARN_INT_CONVERSION = YES;
				CLANG_WARN_NON_LITERAL_NULL_CONVERSION = YES;
				CLANG_WARN_OBJC_IMPLICIT_RETAIN_SELF = YES;
				CLANG_WARN_OBJC_LITERAL_CONVERSION = YES;
				CLANG_WARN_OBJC_ROOT_CLASS = YES_ERROR;
				CLANG_WARN_QUOTED_INCLUDE_IN_FRAMEWORK_HEADER = YES;
				CLANG_WARN_RANGE_LOOP_ANALYSIS = YES;
				CLANG_WARN_STRICT_PROTOTYPES = YES;
				CLANG_WARN_SUSPICIOUS_MOVE = YES;
				CLANG_WARN_UNGUARDED_AVAILABILITY = YES_AGGRESSIVE;
				CLANG_WARN_UNREACHABLE_CODE = YES;
				CLANG_WARN__DUPLICATE_METHOD_MATCH = YES;
				COPY_PHASE_STRIP = NO;
				DEBUG_INFORMATION_FORMAT = "dwarf-with-dsym";
				ENABLE_NS_ASSERTIONS = NO;
				ENABLE_STRICT_OBJC_MSGSEND = YES;
				GCC_C_LANGUAGE_STANDARD = gnu11;
				GCC_NO_COMMON_BLOCKS = YES;
				GCC_WARN_64_TO_32_BIT_CONVERSION = YES;
				GCC_WARN_ABOUT_RETURN_TYPE = YES_ERROR;
				GCC_WARN_UNDECLARED_SELECTOR = YES;
				GCC_WARN_UNINITIALIZED_AUTOS = YES_AGGRESSIVE;
				GCC_WARN_UNUSED_FUNCTION = YES;
				GCC_WARN_UNUSED_VARIABLE = YES;
				IPHONEOS_DEPLOYMENT_TARGET = 14.1;
				MTL_ENABLE_DEBUG_INFO = NO;
				MTL_FAST_MATH = YES;
				SDKROOT = iphoneos;
				SWIFT_COMPILATION_MODE = wholemodule;
				SWIFT_OPTIMIZATION_LEVEL = "-O";
				VALIDATE_PRODUCT = YES;
			};
			name = Release;
		};
		89A6F5D02571D9DD00C5ECDE /* Debug */ = {
			isa = XCBuildConfiguration;
			buildSettings = {
				ASSETCATALOG_COMPILER_APPICON_NAME = AppIcon;
				ASSETCATALOG_COMPILER_GLOBAL_ACCENT_COLOR_NAME = AccentColor;
				CODE_SIGN_STYLE = Automatic;
				INFOPLIST_FILE = Listenr/Info.plist;
				LD_RUNPATH_SEARCH_PATHS = (
					"$(inherited)",
					"@executable_path/Frameworks",
				);
				PRODUCT_BUNDLE_IDENTIFIER = com.example.Listenr;
				PRODUCT_NAME = "$(TARGET_NAME)";
				SWIFT_VERSION = 5.0;
				TARGETED_DEVICE_FAMILY = "1,2";
			};
			name = Debug;
		};
		89A6F5D12571D9DD00C5ECDE /* Release */ = {
			isa = XCBuildConfiguration;
			buildSettings = {
				ASSETCATALOG_COMPILER_APPICON_NAME = AppIcon;
				ASSETCATALOG_COMPILER_GLOBAL_ACCENT_COLOR_NAME = AccentColor;
				CODE_SIGN_STYLE = Automatic;
				INFOPLIST_FILE = Listenr/Info.plist;
				LD_RUNPATH_SEARCH_PATHS = (
					"$(inherited)",
					"@executable_path/Frameworks",
				);
				PRODUCT_BUNDLE_IDENTIFIER = com.example.Listenr;
				PRODUCT_NAME = "$(TARGET_NAME)";
				SWIFT_VERSION = 5.0;
				TARGETED_DEVICE_FAMILY = "1,2";
			};
			name = Release;
		};
/* End XCBuildConfiguration section */

/* Begin XCConfigurationList section */
		89A6F5B62571D9DA00C5ECDE /* Build configuration list for PBXProject "Listenr" */ = {
			isa = XCConfigurationList;
			buildConfigurations = (
				89A6F5CD2571D9DD00C5ECDE /* Debug */,
				89A6F5CE2571D9DD00C5ECDE /* Release */,
			);
			defaultConfigurationIsVisible = 0;
			defaultConfigurationName = Release;
		};
		89A6F5CF2571D9DD00C5ECDE /* Build configuration list for PBXNativeTarget "Listenr" */ = {
			isa = XCConfigurationList;
			buildConfigurations = (
				89A6F5D02571D9DD00C5ECDE /* Debug */,
				89A6F5D12571D9DD00C5ECDE /* Release */,
			);
			defaultConfigurationIsVisible = 0;
			defaultConfigurationName = Release;
		};
/* End XCConfigurationList section */
	};
	rootObject = 89A6F5B32571D9DA00C5ECDE /* Project object */;
}
